// !$*UTF8*$!
{
	archiveVersion = 1;
	classes = {
	};
	objectVersion = 50;
	objects = {

/* Begin PBXBuildFile section */
		A109661E2633F5C100E43FD6 /* ListView.swift in Sources */ = {isa = PBXBuildFile; fileRef = A109661D2633F5C000E43FD6 /* ListView.swift */; };
		A10966202633F5DD00E43FD6 /* ListViewModel.swift in Sources */ = {isa = PBXBuildFile; fileRef = A109661F2633F5DD00E43FD6 /* ListViewModel.swift */; };
		A10966222633F75300E43FD6 /* APIClient.swift in Sources */ = {isa = PBXBuildFile; fileRef = A10966212633F75300E43FD6 /* APIClient.swift */; };
		A10966242633F8D100E43FD6 /* BreakingBadAPI.swift in Sources */ = {isa = PBXBuildFile; fileRef = A10966232633F8D100E43FD6 /* BreakingBadAPI.swift */; };
		A1096626263402F100E43FD6 /* ListViewModelTests.swift in Sources */ = {isa = PBXBuildFile; fileRef = A1096625263402F100E43FD6 /* ListViewModelTests.swift */; };
		A10966282634042D00E43FD6 /* MockAPIClient.swift in Sources */ = {isa = PBXBuildFile; fileRef = A10966272634042D00E43FD6 /* MockAPIClient.swift */; };
		A109662A2634935500E43FD6 /* 4characters.json in Resources */ = {isa = PBXBuildFile; fileRef = A10966292634935500E43FD6 /* 4characters.json */; };
		A109662E2634B2F800E43FD6 /* CharacterRow.swift in Sources */ = {isa = PBXBuildFile; fileRef = A109662D2634B2F800E43FD6 /* CharacterRow.swift */; };
		A10966312634B3E400E43FD6 /* AsyncImageView.swift in Sources */ = {isa = PBXBuildFile; fileRef = A10966302634B3E400E43FD6 /* AsyncImageView.swift */; };
		A10966342634B9B400E43FD6 /* CharacterDetailView.swift in Sources */ = {isa = PBXBuildFile; fileRef = A10966332634B9B400E43FD6 /* CharacterDetailView.swift */; };
		BD8D0AC02633142200AD9A14 /* BBBrowserApp.swift in Sources */ = {isa = PBXBuildFile; fileRef = BD8D0ABF2633142200AD9A14 /* BBBrowserApp.swift */; };
		BD8D0AC42633142600AD9A14 /* Assets.xcassets in Resources */ = {isa = PBXBuildFile; fileRef = BD8D0AC32633142600AD9A14 /* Assets.xcassets */; };
		BD8D0AC72633142600AD9A14 /* Preview Assets.xcassets in Resources */ = {isa = PBXBuildFile; fileRef = BD8D0AC62633142600AD9A14 /* Preview Assets.xcassets */; };
		BD8D0AEE263314BD00AD9A14 /* apiresponse.json in Resources */ = {isa = PBXBuildFile; fileRef = BD8D0AED263314BD00AD9A14 /* apiresponse.json */; };
		BD8D0AF3263314FA00AD9A14 /* APIResponseTests.swift in Sources */ = {isa = PBXBuildFile; fileRef = BD8D0AF2263314FA00AD9A14 /* APIResponseTests.swift */; };
		BD8D0AF92633166400AD9A14 /* BreakingBadCharacter.swift in Sources */ = {isa = PBXBuildFile; fileRef = BD8D0AF82633166300AD9A14 /* BreakingBadCharacter.swift */; };
/* End PBXBuildFile section */

/* Begin PBXContainerItemProxy section */
		BD8D0ACE2633142700AD9A14 /* PBXContainerItemProxy */ = {
			isa = PBXContainerItemProxy;
			containerPortal = BD8D0AB42633142100AD9A14 /* Project object */;
			proxyType = 1;
			remoteGlobalIDString = BD8D0ABB2633142100AD9A14;
			remoteInfo = BBBrowser;
		};
/* End PBXContainerItemProxy section */

/* Begin PBXFileReference section */
		A109661D2633F5C000E43FD6 /* ListView.swift */ = {isa = PBXFileReference; lastKnownFileType = sourcecode.swift; path = ListView.swift; sourceTree = "<group>"; };
		A109661F2633F5DD00E43FD6 /* ListViewModel.swift */ = {isa = PBXFileReference; lastKnownFileType = sourcecode.swift; path = ListViewModel.swift; sourceTree = "<group>"; };
		A10966212633F75300E43FD6 /* APIClient.swift */ = {isa = PBXFileReference; lastKnownFileType = sourcecode.swift; path = APIClient.swift; sourceTree = "<group>"; };
		A10966232633F8D100E43FD6 /* BreakingBadAPI.swift */ = {isa = PBXFileReference; lastKnownFileType = sourcecode.swift; path = BreakingBadAPI.swift; sourceTree = "<group>"; };
		A1096625263402F100E43FD6 /* ListViewModelTests.swift */ = {isa = PBXFileReference; lastKnownFileType = sourcecode.swift; path = ListViewModelTests.swift; sourceTree = "<group>"; };
		A10966272634042D00E43FD6 /* MockAPIClient.swift */ = {isa = PBXFileReference; lastKnownFileType = sourcecode.swift; path = MockAPIClient.swift; sourceTree = "<group>"; };
		A10966292634935500E43FD6 /* 4characters.json */ = {isa = PBXFileReference; fileEncoding = 4; lastKnownFileType = text.json; path = 4characters.json; sourceTree = "<group>"; };
		A109662D2634B2F800E43FD6 /* CharacterRow.swift */ = {isa = PBXFileReference; lastKnownFileType = sourcecode.swift; path = CharacterRow.swift; sourceTree = "<group>"; };
		A10966302634B3E400E43FD6 /* AsyncImageView.swift */ = {isa = PBXFileReference; lastKnownFileType = sourcecode.swift; path = AsyncImageView.swift; sourceTree = "<group>"; };
		A10966332634B9B400E43FD6 /* CharacterDetailView.swift */ = {isa = PBXFileReference; lastKnownFileType = sourcecode.swift; path = CharacterDetailView.swift; sourceTree = "<group>"; };
		BD8D0ABC2633142200AD9A14 /* BBBrowser.app */ = {isa = PBXFileReference; explicitFileType = wrapper.application; includeInIndex = 0; path = BBBrowser.app; sourceTree = BUILT_PRODUCTS_DIR; };
		BD8D0ABF2633142200AD9A14 /* BBBrowserApp.swift */ = {isa = PBXFileReference; lastKnownFileType = sourcecode.swift; path = BBBrowserApp.swift; sourceTree = "<group>"; };
		BD8D0AC32633142600AD9A14 /* Assets.xcassets */ = {isa = PBXFileReference; lastKnownFileType = folder.assetcatalog; path = Assets.xcassets; sourceTree = "<group>"; };
		BD8D0AC62633142600AD9A14 /* Preview Assets.xcassets */ = {isa = PBXFileReference; lastKnownFileType = folder.assetcatalog; path = "Preview Assets.xcassets"; sourceTree = "<group>"; };
		BD8D0AC82633142600AD9A14 /* Info.plist */ = {isa = PBXFileReference; lastKnownFileType = text.plist.xml; path = Info.plist; sourceTree = "<group>"; };
		BD8D0ACD2633142700AD9A14 /* BBBrowserTests.xctest */ = {isa = PBXFileReference; explicitFileType = wrapper.cfbundle; includeInIndex = 0; path = BBBrowserTests.xctest; sourceTree = BUILT_PRODUCTS_DIR; };
		BD8D0AD32633142700AD9A14 /* Info.plist */ = {isa = PBXFileReference; lastKnownFileType = text.plist.xml; path = Info.plist; sourceTree = "<group>"; };
		BD8D0AED263314BD00AD9A14 /* apiresponse.json */ = {isa = PBXFileReference; lastKnownFileType = text.json; path = apiresponse.json; sourceTree = "<group>"; };
		BD8D0AF2263314FA00AD9A14 /* APIResponseTests.swift */ = {isa = PBXFileReference; lastKnownFileType = sourcecode.swift; path = APIResponseTests.swift; sourceTree = "<group>"; };
		BD8D0AF82633166300AD9A14 /* BreakingBadCharacter.swift */ = {isa = PBXFileReference; lastKnownFileType = sourcecode.swift; path = BreakingBadCharacter.swift; sourceTree = "<group>"; };
/* End PBXFileReference section */

/* Begin PBXFrameworksBuildPhase section */
		BD8D0AB92633142100AD9A14 /* Frameworks */ = {
			isa = PBXFrameworksBuildPhase;
			buildActionMask = 2147483647;
			files = (
			);
			runOnlyForDeploymentPostprocessing = 0;
		};
		BD8D0ACA2633142700AD9A14 /* Frameworks */ = {
			isa = PBXFrameworksBuildPhase;
			buildActionMask = 2147483647;
			files = (
			);
			runOnlyForDeploymentPostprocessing = 0;
		};
/* End PBXFrameworksBuildPhase section */

/* Begin PBXGroup section */
		A109661C2633F58A00E43FD6 /* List */ = {
			isa = PBXGroup;
			children = (
				A109661D2633F5C000E43FD6 /* ListView.swift */,
				A109662D2634B2F800E43FD6 /* CharacterRow.swift */,
				A109661F2633F5DD00E43FD6 /* ListViewModel.swift */,
			);
			path = List;
			sourceTree = "<group>";
		};
		A109662F2634B3C300E43FD6 /* Views */ = {
			isa = PBXGroup;
			children = (
				A10966302634B3E400E43FD6 /* AsyncImageView.swift */,
			);
			path = Views;
			sourceTree = "<group>";
		};
		A10966322634B99F00E43FD6 /* Detail */ = {
			isa = PBXGroup;
			children = (
				A10966332634B9B400E43FD6 /* CharacterDetailView.swift */,
			);
			path = Detail;
			sourceTree = "<group>";
		};
		BD8D0AB32633142100AD9A14 = {
			isa = PBXGroup;
			children = (
				BD8D0ABE2633142200AD9A14 /* BBBrowser */,
				BD8D0AD02633142700AD9A14 /* BBBrowserTests */,
				BD8D0ABD2633142200AD9A14 /* Products */,
			);
			sourceTree = "<group>";
		};
		BD8D0ABD2633142200AD9A14 /* Products */ = {
			isa = PBXGroup;
			children = (
				BD8D0ABC2633142200AD9A14 /* BBBrowser.app */,
				BD8D0ACD2633142700AD9A14 /* BBBrowserTests.xctest */,
			);
			name = Products;
			sourceTree = "<group>";
		};
		BD8D0ABE2633142200AD9A14 /* BBBrowser */ = {
			isa = PBXGroup;
			children = (
				BD8D0ABF2633142200AD9A14 /* BBBrowserApp.swift */,
				A10966212633F75300E43FD6 /* APIClient.swift */,
				A10966232633F8D100E43FD6 /* BreakingBadAPI.swift */,
				A109661C2633F58A00E43FD6 /* List */,
				A10966322634B99F00E43FD6 /* Detail */,
				BD8D0AF72633165400AD9A14 /* Model */,
				A109662F2634B3C300E43FD6 /* Views */,
				BD8D0AC32633142600AD9A14 /* Assets.xcassets */,
				BD8D0AC82633142600AD9A14 /* Info.plist */,
				BD8D0AC52633142600AD9A14 /* Preview Content */,
			);
			path = BBBrowser;
			sourceTree = "<group>";
		};
		BD8D0AC52633142600AD9A14 /* Preview Content */ = {
			isa = PBXGroup;
			children = (
				BD8D0AC62633142600AD9A14 /* Preview Assets.xcassets */,
			);
			path = "Preview Content";
			sourceTree = "<group>";
		};
		BD8D0AD02633142700AD9A14 /* BBBrowserTests */ = {
			isa = PBXGroup;
			children = (
				BD8D0AD32633142700AD9A14 /* Info.plist */,
				BD8D0AF2263314FA00AD9A14 /* APIResponseTests.swift */,
				A1096625263402F100E43FD6 /* ListViewModelTests.swift */,
				A10966272634042D00E43FD6 /* MockAPIClient.swift */,
				BD8D0AED263314BD00AD9A14 /* apiresponse.json */,
				A10966292634935500E43FD6 /* 4characters.json */,
			);
			path = BBBrowserTests;
			sourceTree = "<group>";
		};
		BD8D0AF72633165400AD9A14 /* Model */ = {
			isa = PBXGroup;
			children = (
				BD8D0AF82633166300AD9A14 /* BreakingBadCharacter.swift */,
			);
			path = Model;
			sourceTree = "<group>";
		};
/* End PBXGroup section */

/* Begin PBXNativeTarget section */
		BD8D0ABB2633142100AD9A14 /* BBBrowser */ = {
			isa = PBXNativeTarget;
			buildConfigurationList = BD8D0AE12633142700AD9A14 /* Build configuration list for PBXNativeTarget "BBBrowser" */;
			buildPhases = (
				BD8D0AB82633142100AD9A14 /* Sources */,
				BD8D0AB92633142100AD9A14 /* Frameworks */,
				BD8D0ABA2633142100AD9A14 /* Resources */,
			);
			buildRules = (
			);
			dependencies = (
			);
			name = BBBrowser;
			productName = BBBrowser;
			productReference = BD8D0ABC2633142200AD9A14 /* BBBrowser.app */;
			productType = "com.apple.product-type.application";
		};
		BD8D0ACC2633142700AD9A14 /* BBBrowserTests */ = {
			isa = PBXNativeTarget;
			buildConfigurationList = BD8D0AE42633142700AD9A14 /* Build configuration list for PBXNativeTarget "BBBrowserTests" */;
			buildPhases = (
				BD8D0AC92633142700AD9A14 /* Sources */,
				BD8D0ACA2633142700AD9A14 /* Frameworks */,
				BD8D0ACB2633142700AD9A14 /* Resources */,
			);
			buildRules = (
			);
			dependencies = (
				BD8D0ACF2633142700AD9A14 /* PBXTargetDependency */,
			);
			name = BBBrowserTests;
			productName = BBBrowserTests;
			productReference = BD8D0ACD2633142700AD9A14 /* BBBrowserTests.xctest */;
			productType = "com.apple.product-type.bundle.unit-test";
		};
/* End PBXNativeTarget section */

/* Begin PBXProject section */
		BD8D0AB42633142100AD9A14 /* Project object */ = {
			isa = PBXProject;
			attributes = {
				LastSwiftUpdateCheck = 1240;
				LastUpgradeCheck = 1240;
				TargetAttributes = {
					BD8D0ABB2633142100AD9A14 = {
						CreatedOnToolsVersion = 12.4;
					};
					BD8D0ACC2633142700AD9A14 = {
						CreatedOnToolsVersion = 12.4;
						TestTargetID = BD8D0ABB2633142100AD9A14;
					};
				};
			};
			buildConfigurationList = BD8D0AB72633142100AD9A14 /* Build configuration list for PBXProject "BBBrowser" */;
			compatibilityVersion = "Xcode 9.3";
			developmentRegion = en;
			hasScannedForEncodings = 0;
			knownRegions = (
				en,
				Base,
			);
			mainGroup = BD8D0AB32633142100AD9A14;
			productRefGroup = BD8D0ABD2633142200AD9A14 /* Products */;
			projectDirPath = "";
			projectRoot = "";
			targets = (
				BD8D0ABB2633142100AD9A14 /* BBBrowser */,
				BD8D0ACC2633142700AD9A14 /* BBBrowserTests */,
			);
		};
/* End PBXProject section */

/* Begin PBXResourcesBuildPhase section */
		BD8D0ABA2633142100AD9A14 /* Resources */ = {
			isa = PBXResourcesBuildPhase;
			buildActionMask = 2147483647;
			files = (
				BD8D0AC72633142600AD9A14 /* Preview Assets.xcassets in Resources */,
				BD8D0AC42633142600AD9A14 /* Assets.xcassets in Resources */,
			);
			runOnlyForDeploymentPostprocessing = 0;
		};
		BD8D0ACB2633142700AD9A14 /* Resources */ = {
			isa = PBXResourcesBuildPhase;
			buildActionMask = 2147483647;
			files = (
				A109662A2634935500E43FD6 /* 4characters.json in Resources */,
				BD8D0AEE263314BD00AD9A14 /* apiresponse.json in Resources */,
			);
			runOnlyForDeploymentPostprocessing = 0;
		};
/* End PBXResourcesBuildPhase section */

/* Begin PBXSourcesBuildPhase section */
		BD8D0AB82633142100AD9A14 /* Sources */ = {
			isa = PBXSourcesBuildPhase;
			buildActionMask = 2147483647;
			files = (
				A10966342634B9B400E43FD6 /* CharacterDetailView.swift in Sources */,
				A10966222633F75300E43FD6 /* APIClient.swift in Sources */,
				A10966242633F8D100E43FD6 /* BreakingBadAPI.swift in Sources */,
				A10966202633F5DD00E43FD6 /* ListViewModel.swift in Sources */,
				A10966312634B3E400E43FD6 /* AsyncImageView.swift in Sources */,
				A109661E2633F5C100E43FD6 /* ListView.swift in Sources */,
				BD8D0AC02633142200AD9A14 /* BBBrowserApp.swift in Sources */,
				A109662E2634B2F800E43FD6 /* CharacterRow.swift in Sources */,
				BD8D0AF92633166400AD9A14 /* BreakingBadCharacter.swift in Sources */,
			);
			runOnlyForDeploymentPostprocessing = 0;
		};
		BD8D0AC92633142700AD9A14 /* Sources */ = {
			isa = PBXSourcesBuildPhase;
			buildActionMask = 2147483647;
			files = (
				A1096626263402F100E43FD6 /* ListViewModelTests.swift in Sources */,
				BD8D0AF3263314FA00AD9A14 /* APIResponseTests.swift in Sources */,
				A10966282634042D00E43FD6 /* MockAPIClient.swift in Sources */,
			);
			runOnlyForDeploymentPostprocessing = 0;
		};
/* End PBXSourcesBuildPhase section */

/* Begin PBXTargetDependency section */
		BD8D0ACF2633142700AD9A14 /* PBXTargetDependency */ = {
			isa = PBXTargetDependency;
			target = BD8D0ABB2633142100AD9A14 /* BBBrowser */;
			targetProxy = BD8D0ACE2633142700AD9A14 /* PBXContainerItemProxy */;
		};
/* End PBXTargetDependency section */

/* Begin XCBuildConfiguration section */
		BD8D0ADF2633142700AD9A14 /* Debug */ = {
			isa = XCBuildConfiguration;
			buildSettings = {
				ALWAYS_SEARCH_USER_PATHS = NO;
				CLANG_ANALYZER_NONNULL = YES;
				CLANG_ANALYZER_NUMBER_OBJECT_CONVERSION = YES_AGGRESSIVE;
				CLANG_CXX_LANGUAGE_STANDARD = "gnu++14";
				CLANG_CXX_LIBRARY = "libc++";
				CLANG_ENABLE_MODULES = YES;
				CLANG_ENABLE_OBJC_ARC = YES;
				CLANG_ENABLE_OBJC_WEAK = YES;
				CLANG_WARN_BLOCK_CAPTURE_AUTORELEASING = YES;
				CLANG_WARN_BOOL_CONVERSION = YES;
				CLANG_WARN_COMMA = YES;
				CLANG_WARN_CONSTANT_CONVERSION = YES;
				CLANG_WARN_DEPRECATED_OBJC_IMPLEMENTATIONS = YES;
				CLANG_WARN_DIRECT_OBJC_ISA_USAGE = YES_ERROR;
				CLANG_WARN_DOCUMENTATION_COMMENTS = YES;
				CLANG_WARN_EMPTY_BODY = YES;
				CLANG_WARN_ENUM_CONVERSION = YES;
				CLANG_WARN_INFINITE_RECURSION = YES;
				CLANG_WARN_INT_CONVERSION = YES;
				CLANG_WARN_NON_LITERAL_NULL_CONVERSION = YES;
				CLANG_WARN_OBJC_IMPLICIT_RETAIN_SELF = YES;
				CLANG_WARN_OBJC_LITERAL_CONVERSION = YES;
				CLANG_WARN_OBJC_ROOT_CLASS = YES_ERROR;
				CLANG_WARN_QUOTED_INCLUDE_IN_FRAMEWORK_HEADER = YES;
				CLANG_WARN_RANGE_LOOP_ANALYSIS = YES;
				CLANG_WARN_STRICT_PROTOTYPES = YES;
				CLANG_WARN_SUSPICIOUS_MOVE = YES;
				CLANG_WARN_UNGUARDED_AVAILABILITY = YES_AGGRESSIVE;
				CLANG_WARN_UNREACHABLE_CODE = YES;
				CLANG_WARN__DUPLICATE_METHOD_MATCH = YES;
				COPY_PHASE_STRIP = NO;
				DEBUG_INFORMATION_FORMAT = dwarf;
				ENABLE_STRICT_OBJC_MSGSEND = YES;
				ENABLE_TESTABILITY = YES;
				GCC_C_LANGUAGE_STANDARD = gnu11;
				GCC_DYNAMIC_NO_PIC = NO;
				GCC_NO_COMMON_BLOCKS = YES;
				GCC_OPTIMIZATION_LEVEL = 0;
				GCC_PREPROCESSOR_DEFINITIONS = (
					"DEBUG=1",
					"$(inherited)",
				);
				GCC_WARN_64_TO_32_BIT_CONVERSION = YES;
				GCC_WARN_ABOUT_RETURN_TYPE = YES_ERROR;
				GCC_WARN_UNDECLARED_SELECTOR = YES;
				GCC_WARN_UNINITIALIZED_AUTOS = YES_AGGRESSIVE;
				GCC_WARN_UNUSED_FUNCTION = YES;
				GCC_WARN_UNUSED_VARIABLE = YES;
				IPHONEOS_DEPLOYMENT_TARGET = 14.4;
				MTL_ENABLE_DEBUG_INFO = INCLUDE_SOURCE;
				MTL_FAST_MATH = YES;
				ONLY_ACTIVE_ARCH = YES;
				SDKROOT = iphoneos;
				SWIFT_ACTIVE_COMPILATION_CONDITIONS = DEBUG;
				SWIFT_OPTIMIZATION_LEVEL = "-Onone";
			};
			name = Debug;
		};
		BD8D0AE02633142700AD9A14 /* Release */ = {
			isa = XCBuildConfiguration;
			buildSettings = {
				ALWAYS_SEARCH_USER_PATHS = NO;
				CLANG_ANALYZER_NONNULL = YES;
				CLANG_ANALYZER_NUMBER_OBJECT_CONVERSION = YES_AGGRESSIVE;
				CLANG_CXX_LANGUAGE_STANDARD = "gnu++14";
				CLANG_CXX_LIBRARY = "libc++";
				CLANG_ENABLE_MODULES = YES;
				CLANG_ENABLE_OBJC_ARC = YES;
				CLANG_ENABLE_OBJC_WEAK = YES;
				CLANG_WARN_BLOCK_CAPTURE_AUTORELEASING = YES;
				CLANG_WARN_BOOL_CONVERSION = YES;
				CLANG_WARN_COMMA = YES;
				CLANG_WARN_CONSTANT_CONVERSION = YES;
				CLANG_WARN_DEPRECATED_OBJC_IMPLEMENTATIONS = YES;
				CLANG_WARN_DIRECT_OBJC_ISA_USAGE = YES_ERROR;
				CLANG_WARN_DOCUMENTATION_COMMENTS = YES;
				CLANG_WARN_EMPTY_BODY = YES;
				CLANG_WARN_ENUM_CONVERSION = YES;
				CLANG_WARN_INFINITE_RECURSION = YES;
				CLANG_WARN_INT_CONVERSION = YES;
				CLANG_WARN_NON_LITERAL_NULL_CONVERSION = YES;
				CLANG_WARN_OBJC_IMPLICIT_RETAIN_SELF = YES;
				CLANG_WARN_OBJC_LITERAL_CONVERSION = YES;
				CLANG_WARN_OBJC_ROOT_CLASS = YES_ERROR;
				CLANG_WARN_QUOTED_INCLUDE_IN_FRAMEWORK_HEADER = YES;
				CLANG_WARN_RANGE_LOOP_ANALYSIS = YES;
				CLANG_WARN_STRICT_PROTOTYPES = YES;
				CLANG_WARN_SUSPICIOUS_MOVE = YES;
				CLANG_WARN_UNGUARDED_AVAILABILITY = YES_AGGRESSIVE;
				CLANG_WARN_UNREACHABLE_CODE = YES;
				CLANG_WARN__DUPLICATE_METHOD_MATCH = YES;
				COPY_PHASE_STRIP = NO;
				DEBUG_INFORMATION_FORMAT = "dwarf-with-dsym";
				ENABLE_NS_ASSERTIONS = NO;
				ENABLE_STRICT_OBJC_MSGSEND = YES;
				GCC_C_LANGUAGE_STANDARD = gnu11;
				GCC_NO_COMMON_BLOCKS = YES;
				GCC_WARN_64_TO_32_BIT_CONVERSION = YES;
				GCC_WARN_ABOUT_RETURN_TYPE = YES_ERROR;
				GCC_WARN_UNDECLARED_SELECTOR = YES;
				GCC_WARN_UNINITIALIZED_AUTOS = YES_AGGRESSIVE;
				GCC_WARN_UNUSED_FUNCTION = YES;
				GCC_WARN_UNUSED_VARIABLE = YES;
				IPHONEOS_DEPLOYMENT_TARGET = 14.4;
				MTL_ENABLE_DEBUG_INFO = NO;
				MTL_FAST_MATH = YES;
				SDKROOT = iphoneos;
				SWIFT_COMPILATION_MODE = wholemodule;
				SWIFT_OPTIMIZATION_LEVEL = "-O";
				VALIDATE_PRODUCT = YES;
			};
			name = Release;
		};
		BD8D0AE22633142700AD9A14 /* Debug */ = {
			isa = XCBuildConfiguration;
			buildSettings = {
				ASSETCATALOG_COMPILER_APPICON_NAME = AppIcon;
				ASSETCATALOG_COMPILER_GLOBAL_ACCENT_COLOR_NAME = AccentColor;
				CODE_SIGN_STYLE = Automatic;
				DEVELOPMENT_ASSET_PATHS = "\"BBBrowser/Preview Content\"";
				DEVELOPMENT_TEAM = ZYF5KSBWFG;
				ENABLE_PREVIEWS = YES;
				INFOPLIST_FILE = BBBrowser/Info.plist;
				IPHONEOS_DEPLOYMENT_TARGET = 14.0;
				LD_RUNPATH_SEARCH_PATHS = (
					"$(inherited)",
					"@executable_path/Frameworks",
				);
				PRODUCT_BUNDLE_IDENTIFIER = net.taptix.BBBrowser;
				PRODUCT_NAME = "$(TARGET_NAME)";
				SWIFT_VERSION = 5.0;
				TARGETED_DEVICE_FAMILY = "1,2";
			};
			name = Debug;
		};
		BD8D0AE32633142700AD9A14 /* Release */ = {
			isa = XCBuildConfiguration;
			buildSettings = {
				ASSETCATALOG_COMPILER_APPICON_NAME = AppIcon;
				ASSETCATALOG_COMPILER_GLOBAL_ACCENT_COLOR_NAME = AccentColor;
				CODE_SIGN_STYLE = Automatic;
				DEVELOPMENT_ASSET_PATHS = "\"BBBrowser/Preview Content\"";
				DEVELOPMENT_TEAM = ZYF5KSBWFG;
				ENABLE_PREVIEWS = YES;
				INFOPLIST_FILE = BBBrowser/Info.plist;
				IPHONEOS_DEPLOYMENT_TARGET = 14.0;
				LD_RUNPATH_SEARCH_PATHS = (
					"$(inherited)",
					"@executable_path/Frameworks",
				);
				PRODUCT_BUNDLE_IDENTIFIER = net.taptix.BBBrowser;
				PRODUCT_NAME = "$(TARGET_NAME)";
				SWIFT_VERSION = 5.0;
				TARGETED_DEVICE_FAMILY = "1,2";
			};
			name = Release;
		};
		BD8D0AE52633142700AD9A14 /* Debug */ = {
			isa = XCBuildConfiguration;
			buildSettings = {
				ALWAYS_EMBED_SWIFT_STANDARD_LIBRARIES = YES;
				BUNDLE_LOADER = "$(TEST_HOST)";
				CODE_SIGN_STYLE = Automatic;
				DEVELOPMENT_TEAM = ZYF5KSBWFG;
				INFOPLIST_FILE = BBBrowserTests/Info.plist;
				IPHONEOS_DEPLOYMENT_TARGET = 14.0;
				LD_RUNPATH_SEARCH_PATHS = (
					"$(inherited)",
					"@executable_path/Frameworks",
					"@loader_path/Frameworks",
				);
				PRODUCT_BUNDLE_IDENTIFIER = net.taptix.BBBrowserTests;
				PRODUCT_NAME = "$(TARGET_NAME)";
				SWIFT_VERSION = 5.0;
				TARGETED_DEVICE_FAMILY = "1,2";
				TEST_HOST = "$(BUILT_PRODUCTS_DIR)/BBBrowser.app/BBBrowser";
			};
			name = Debug;
		};
		BD8D0AE62633142700AD9A14 /* Release */ = {
			isa = XCBuildConfiguration;
			buildSettings = {
				ALWAYS_EMBED_SWIFT_STANDARD_LIBRARIES = YES;
				BUNDLE_LOADER = "$(TEST_HOST)";
				CODE_SIGN_STYLE = Automatic;
				DEVELOPMENT_TEAM = ZYF5KSBWFG;
				INFOPLIST_FILE = BBBrowserTests/Info.plist;
				IPHONEOS_DEPLOYMENT_TARGET = 14.0;
				LD_RUNPATH_SEARCH_PATHS = (
					"$(inherited)",
					"@executable_path/Frameworks",
					"@loader_path/Frameworks",
				);
				PRODUCT_BUNDLE_IDENTIFIER = net.taptix.BBBrowserTests;
				PRODUCT_NAME = "$(TARGET_NAME)";
				SWIFT_VERSION = 5.0;
				TARGETED_DEVICE_FAMILY = "1,2";
				TEST_HOST = "$(BUILT_PRODUCTS_DIR)/BBBrowser.app/BBBrowser";
			};
			name = Release;
		};
/* End XCBuildConfiguration section */

/* Begin XCConfigurationList section */
		BD8D0AB72633142100AD9A14 /* Build configuration list for PBXProject "BBBrowser" */ = {
			isa = XCConfigurationList;
			buildConfigurations = (
				BD8D0ADF2633142700AD9A14 /* Debug */,
				BD8D0AE02633142700AD9A14 /* Release */,
			);
			defaultConfigurationIsVisible = 0;
			defaultConfigurationName = Release;
		};
		BD8D0AE12633142700AD9A14 /* Build configuration list for PBXNativeTarget "BBBrowser" */ = {
			isa = XCConfigurationList;
			buildConfigurations = (
				BD8D0AE22633142700AD9A14 /* Debug */,
				BD8D0AE32633142700AD9A14 /* Release */,
			);
			defaultConfigurationIsVisible = 0;
			defaultConfigurationName = Release;
		};
		BD8D0AE42633142700AD9A14 /* Build configuration list for PBXNativeTarget "BBBrowserTests" */ = {
			isa = XCConfigurationList;
			buildConfigurations = (
				BD8D0AE52633142700AD9A14 /* Debug */,
				BD8D0AE62633142700AD9A14 /* Release */,
			);
			defaultConfigurationIsVisible = 0;
			defaultConfigurationName = Release;
		};
/* End XCConfigurationList section */
	};
	rootObject = BD8D0AB42633142100AD9A14 /* Project object */;
}
